
Microsoft Visual Studio Solution File, Format Version 12.00
# Visual Studio 15
VisualStudioVersion = 15.0.28010.2041
MinimumVisualStudioVersion = 10.0.40219.1
Project("{8BC9CEB8-8B4A-11D0-8D11-00A0C91BC942}") = "Tut1 - Hello World", "Tut1 - Hello World\Tut1 - Hello World.vcxproj", "{1EBA04B7-C47A-4CC0-9713-9B754ED3802E}"
EndProject
Global
	GlobalSection(SolutionConfigurationPlatforms) = preSolution
		Debug|x64 = Debug|x64
		Debug|x86 = Debug|x86
		Release|x64 = Release|x64
		Release|x86 = Release|x86
	EndGlobalSection
	GlobalSection(ProjectConfigurationPlatforms) = postSolution
		{1EBA04B7-C47A-4CC0-9713-9B754ED3802E}.Debug|x64.ActiveCfg = Debug|x64
		{1EBA04B7-C47A-4CC0-9713-9B754ED3802E}.Debug|x64.Build.0 = Debug|x64
		{1EBA04B7-C47A-4CC0-9713-9B754ED3802E}.Debug|x86.ActiveCfg = Debug|Win32
		{1EBA04B7-C47A-4CC0-9713-9B754ED3802E}.Debug|x86.Build.0 = Debug|Win32
		{1EBA04B7-C47A-4CC0-9713-9B754ED3802E}.Release|x64.ActiveCfg = Release|x64
		{1EBA04B7-C47A-4CC0-9713-9B754ED3802E}.Release|x64.Build.0 = Release|x64
		{1EBA04B7-C47A-4CC0-9713-9B754ED3802E}.Release|x86.ActiveCfg = Release|Win32
		{1EBA04B7-C47A-4CC0-9713-9B754ED3802E}.Release|x86.Build.0 = Release|Win32
	EndGlobalSection
	GlobalSection(SolutionProperties) = preSolution
		HideSolutionNode = FALSE
	EndGlobalSection
	GlobalSection(ExtensibilityGlobals) = postSolution
		SolutionGuid = {649548BE-C94F-4E80-B5E7-87F7554C2D60}
	EndGlobalSection
EndGlobal
